
Microsoft Visual Studio Solution File, Format Version 12.00
# Visual Studio Version 16
VisualStudioVersion = 16.0.30204.135
MinimumVisualStudioVersion = 10.0.40219.1
Project("{FAE04EC0-301F-11D3-BF4B-00C04F79EFBC}") = "UserControl", "UserControl\UserControl.csproj", "{34E44B99-7872-4DB2-9296-04117F4661CC}"
EndProject
Global
	GlobalSection(SolutionConfigurationPlatforms) = preSolution
		Debug|Any CPU = Debug|Any CPU
		Release|Any CPU = Release|Any CPU
	EndGlobalSection
	GlobalSection(ProjectConfigurationPlatforms) = postSolution
		{34E44B99-7872-4DB2-9296-04117F4661CC}.Debug|Any CPU.ActiveCfg = Debug|Any CPU
		{34E44B99-7872-4DB2-9296-04117F4661CC}.Debug|Any CPU.Build.0 = Debug|Any CPU
		{34E44B99-7872-4DB2-9296-04117F4661CC}.Release|Any CPU.ActiveCfg = Release|Any CPU
		{34E44B99-7872-4DB2-9296-04117F4661CC}.Release|Any CPU.Build.0 = Release|Any CPU
	EndGlobalSection
	GlobalSection(SolutionProperties) = preSolution
		HideSolutionNode = FALSE
	EndGlobalSection
	GlobalSection(ExtensibilityGlobals) = postSolution
		SolutionGuid = {08A7D5EE-B523-4EC6-916C-0A01EC449E59}
	EndGlobalSection
EndGlobal
